// !$*UTF8*$!
{
	archiveVersion = 1;
	classes = {
	};
	objectVersion = 50;
	objects = {

/* Begin PBXBuildFile section */
		700C9F7825BD09B500C17C14 /* AppDelegate.swift in Sources */ = {isa = PBXBuildFile; fileRef = 700C9F7725BD09B500C17C14 /* AppDelegate.swift */; };
		700C9F7A25BD09B500C17C14 /* ViewController.swift in Sources */ = {isa = PBXBuildFile; fileRef = 700C9F7925BD09B500C17C14 /* ViewController.swift */; };
		700C9F7C25BD09B800C17C14 /* Assets.xcassets in Resources */ = {isa = PBXBuildFile; fileRef = 700C9F7B25BD09B800C17C14 /* Assets.xcassets */; };
		700C9F7F25BD09B800C17C14 /* Main.storyboard in Resources */ = {isa = PBXBuildFile; fileRef = 700C9F7D25BD09B800C17C14 /* Main.storyboard */; };
		700C9F8A25BD117D00C17C14 /* PassthroughAudioEngine.swift in Sources */ = {isa = PBXBuildFile; fileRef = 700C9F8925BD117D00C17C14 /* PassthroughAudioEngine.swift */; };
		70277F0525D8B5C500F488DF /* libsamplerate.0.dylib in Frameworks */ = {isa = PBXBuildFile; fileRef = 70277F0425D8B5C500F488DF /* libsamplerate.0.dylib */; };
		70277F0625D8B5C500F488DF /* libsamplerate.0.dylib in Embed Libraries */ = {isa = PBXBuildFile; fileRef = 70277F0425D8B5C500F488DF /* libsamplerate.0.dylib */; settings = {ATTRIBUTES = (CodeSignOnCopy, ); }; };
		7042BE7D25D96C4600C7EB84 /* TPCircularBuffer in Resources */ = {isa = PBXBuildFile; fileRef = 7042BE7C25D96C4600C7EB84 /* TPCircularBuffer */; };
/* End PBXBuildFile section */

/* Begin PBXCopyFilesBuildPhase section */
		70C44A4D25D892AF00C98C10 /* Embed Libraries */ = {
			isa = PBXCopyFilesBuildPhase;
			buildActionMask = 2147483647;
			dstPath = "";
			dstSubfolderSpec = 10;
			files = (
				70277F0625D8B5C500F488DF /* libsamplerate.0.dylib in Embed Libraries */,
			);
			name = "Embed Libraries";
			runOnlyForDeploymentPostprocessing = 0;
		};
/* End PBXCopyFilesBuildPhase section */

/* Begin PBXFileReference section */
		700C9F7425BD09B500C17C14 /* TestCapture.app */ = {isa = PBXFileReference; explicitFileType = wrapper.application; includeInIndex = 0; path = TestCapture.app; sourceTree = BUILT_PRODUCTS_DIR; };
		700C9F7725BD09B500C17C14 /* AppDelegate.swift */ = {isa = PBXFileReference; lastKnownFileType = sourcecode.swift; path = AppDelegate.swift; sourceTree = "<group>"; };
		700C9F7925BD09B500C17C14 /* ViewController.swift */ = {isa = PBXFileReference; lastKnownFileType = sourcecode.swift; path = ViewController.swift; sourceTree = "<group>"; };
		700C9F7B25BD09B800C17C14 /* Assets.xcassets */ = {isa = PBXFileReference; lastKnownFileType = folder.assetcatalog; path = Assets.xcassets; sourceTree = "<group>"; };
		700C9F7E25BD09B800C17C14 /* Base */ = {isa = PBXFileReference; lastKnownFileType = file.storyboard; name = Base; path = Base.lproj/Main.storyboard; sourceTree = "<group>"; };
		700C9F8025BD09B800C17C14 /* Info.plist */ = {isa = PBXFileReference; lastKnownFileType = text.plist.xml; path = Info.plist; sourceTree = "<group>"; };
		700C9F8125BD09B800C17C14 /* TestCapture.entitlements */ = {isa = PBXFileReference; lastKnownFileType = text.plist.entitlements; path = TestCapture.entitlements; sourceTree = "<group>"; };
		700C9F8925BD117D00C17C14 /* PassthroughAudioEngine.swift */ = {isa = PBXFileReference; lastKnownFileType = sourcecode.swift; path = PassthroughAudioEngine.swift; sourceTree = "<group>"; };
		70277F0425D8B5C500F488DF /* libsamplerate.0.dylib */ = {isa = PBXFileReference; lastKnownFileType = "compiled.mach-o.dylib"; path = libsamplerate.0.dylib; sourceTree = "<group>"; };
		7042BE7C25D96C4600C7EB84 /* TPCircularBuffer */ = {isa = PBXFileReference; lastKnownFileType = folder; path = TPCircularBuffer; sourceTree = "<group>"; };
/* End PBXFileReference section */

/* Begin PBXFrameworksBuildPhase section */
		700C9F7125BD09B500C17C14 /* Frameworks */ = {
			isa = PBXFrameworksBuildPhase;
			buildActionMask = 2147483647;
			files = (
				70277F0525D8B5C500F488DF /* libsamplerate.0.dylib in Frameworks */,
			);
			runOnlyForDeploymentPostprocessing = 0;
		};
/* End PBXFrameworksBuildPhase section */

/* Begin PBXGroup section */
		7002879125D88F450005A2CA /* Frameworks */ = {
			isa = PBXGroup;
			children = (
				70277F0425D8B5C500F488DF /* libsamplerate.0.dylib */,
			);
			name = Frameworks;
			sourceTree = "<group>";
		};
		700C9F6B25BD09B500C17C14 = {
			isa = PBXGroup;
			children = (
				700C9F7625BD09B500C17C14 /* TestCapture */,
				700C9F7525BD09B500C17C14 /* Products */,
				7002879125D88F450005A2CA /* Frameworks */,
			);
			sourceTree = "<group>";
		};
		700C9F7525BD09B500C17C14 /* Products */ = {
			isa = PBXGroup;
			children = (
				700C9F7425BD09B500C17C14 /* TestCapture.app */,
			);
			name = Products;
			sourceTree = "<group>";
		};
		700C9F7625BD09B500C17C14 /* TestCapture */ = {
			isa = PBXGroup;
			children = (
				7042BE7C25D96C4600C7EB84 /* TPCircularBuffer */,
				700C9F7725BD09B500C17C14 /* AppDelegate.swift */,
				700C9F7925BD09B500C17C14 /* ViewController.swift */,
				700C9F8925BD117D00C17C14 /* PassthroughAudioEngine.swift */,
				700C9F7B25BD09B800C17C14 /* Assets.xcassets */,
				700C9F7D25BD09B800C17C14 /* Main.storyboard */,
				700C9F8025BD09B800C17C14 /* Info.plist */,
				700C9F8125BD09B800C17C14 /* TestCapture.entitlements */,
			);
			path = TestCapture;
			sourceTree = "<group>";
		};
/* End PBXGroup section */

/* Begin PBXNativeTarget section */
		700C9F7325BD09B500C17C14 /* TestCapture */ = {
			isa = PBXNativeTarget;
			buildConfigurationList = 700C9F8425BD09B800C17C14 /* Build configuration list for PBXNativeTarget "TestCapture" */;
			buildPhases = (
				700C9F7025BD09B500C17C14 /* Sources */,
				700C9F7125BD09B500C17C14 /* Frameworks */,
				700C9F7225BD09B500C17C14 /* Resources */,
				70C44A4D25D892AF00C98C10 /* Embed Libraries */,
			);
			buildRules = (
			);
			dependencies = (
			);
			name = TestCapture;
			packageProductDependencies = (
			);
			productName = TestCapture;
			productReference = 700C9F7425BD09B500C17C14 /* TestCapture.app */;
			productType = "com.apple.product-type.application";
		};
/* End PBXNativeTarget section */

/* Begin PBXProject section */
		700C9F6C25BD09B500C17C14 /* Project object */ = {
			isa = PBXProject;
			attributes = {
				LastSwiftUpdateCheck = 1230;
				LastUpgradeCheck = 1230;
				TargetAttributes = {
					700C9F7325BD09B500C17C14 = {
						CreatedOnToolsVersion = 12.3;
					};
				};
			};
			buildConfigurationList = 700C9F6F25BD09B500C17C14 /* Build configuration list for PBXProject "TestCapture" */;
			compatibilityVersion = "Xcode 9.3";
			developmentRegion = en;
			hasScannedForEncodings = 0;
			knownRegions = (
				en,
				Base,
			);
			mainGroup = 700C9F6B25BD09B500C17C14;
			packageReferences = (
			);
			productRefGroup = 700C9F7525BD09B500C17C14 /* Products */;
			projectDirPath = "";
			projectRoot = "";
			targets = (
				700C9F7325BD09B500C17C14 /* TestCapture */,
			);
		};
/* End PBXProject section */

/* Begin PBXResourcesBuildPhase section */
		700C9F7225BD09B500C17C14 /* Resources */ = {
			isa = PBXResourcesBuildPhase;
			buildActionMask = 2147483647;
			files = (
				700C9F7C25BD09B800C17C14 /* Assets.xcassets in Resources */,
				7042BE7D25D96C4600C7EB84 /* TPCircularBuffer in Resources */,
				700C9F7F25BD09B800C17C14 /* Main.storyboard in Resources */,
			);
			runOnlyForDeploymentPostprocessing = 0;
		};
/* End PBXResourcesBuildPhase section */

/* Begin PBXSourcesBuildPhase section */
		700C9F7025BD09B500C17C14 /* Sources */ = {
			isa = PBXSourcesBuildPhase;
			buildActionMask = 2147483647;
			files = (
				700C9F7A25BD09B500C17C14 /* ViewController.swift in Sources */,
				700C9F7825BD09B500C17C14 /* AppDelegate.swift in Sources */,
				700C9F8A25BD117D00C17C14 /* PassthroughAudioEngine.swift in Sources */,
			);
			runOnlyForDeploymentPostprocessing = 0;
		};
/* End PBXSourcesBuildPhase section */

/* Begin PBXVariantGroup section */
		700C9F7D25BD09B800C17C14 /* Main.storyboard */ = {
			isa = PBXVariantGroup;
			children = (
				700C9F7E25BD09B800C17C14 /* Base */,
			);
			name = Main.storyboard;
			sourceTree = "<group>";
		};
/* End PBXVariantGroup section */

/* Begin XCBuildConfiguration section */
		700C9F8225BD09B800C17C14 /* Debug */ = {
			isa = XCBuildConfiguration;
			buildSettings = {
				ALWAYS_SEARCH_USER_PATHS = NO;
				CLANG_ANALYZER_NONNULL = YES;
				CLANG_ANALYZER_NUMBER_OBJECT_CONVERSION = YES_AGGRESSIVE;
				CLANG_CXX_LANGUAGE_STANDARD = "gnu++14";
				CLANG_CXX_LIBRARY = "libc++";
				CLANG_ENABLE_MODULES = YES;
				CLANG_ENABLE_OBJC_ARC = YES;
				CLANG_ENABLE_OBJC_WEAK = YES;
				CLANG_WARN_BLOCK_CAPTURE_AUTORELEASING = YES;
				CLANG_WARN_BOOL_CONVERSION = YES;
				CLANG_WARN_COMMA = YES;
				CLANG_WARN_CONSTANT_CONVERSION = YES;
				CLANG_WARN_DEPRECATED_OBJC_IMPLEMENTATIONS = YES;
				CLANG_WARN_DIRECT_OBJC_ISA_USAGE = YES_ERROR;
				CLANG_WARN_DOCUMENTATION_COMMENTS = YES;
				CLANG_WARN_EMPTY_BODY = YES;
				CLANG_WARN_ENUM_CONVERSION = YES;
				CLANG_WARN_INFINITE_RECURSION = YES;
				CLANG_WARN_INT_CONVERSION = YES;
				CLANG_WARN_NON_LITERAL_NULL_CONVERSION = YES;
				CLANG_WARN_OBJC_IMPLICIT_RETAIN_SELF = YES;
				CLANG_WARN_OBJC_LITERAL_CONVERSION = YES;
				CLANG_WARN_OBJC_ROOT_CLASS = YES_ERROR;
				CLANG_WARN_QUOTED_INCLUDE_IN_FRAMEWORK_HEADER = YES;
				CLANG_WARN_RANGE_LOOP_ANALYSIS = YES;
				CLANG_WARN_STRICT_PROTOTYPES = YES;
				CLANG_WARN_SUSPICIOUS_MOVE = YES;
				CLANG_WARN_UNGUARDED_AVAILABILITY = YES_AGGRESSIVE;
				CLANG_WARN_UNREACHABLE_CODE = YES;
				CLANG_WARN__DUPLICATE_METHOD_MATCH = YES;
				COPY_PHASE_STRIP = NO;
				DEBUG_INFORMATION_FORMAT = dwarf;
				ENABLE_STRICT_OBJC_MSGSEND = YES;
				ENABLE_TESTABILITY = YES;
				GCC_C_LANGUAGE_STANDARD = gnu11;
				GCC_DYNAMIC_NO_PIC = NO;
				GCC_NO_COMMON_BLOCKS = YES;
				GCC_OPTIMIZATION_LEVEL = 0;
				GCC_PREPROCESSOR_DEFINITIONS = (
					"DEBUG=1",
					"$(inherited)",
				);
				GCC_WARN_64_TO_32_BIT_CONVERSION = YES;
				GCC_WARN_ABOUT_RETURN_TYPE = YES_ERROR;
				GCC_WARN_UNDECLARED_SELECTOR = YES;
				GCC_WARN_UNINITIALIZED_AUTOS = YES_AGGRESSIVE;
				GCC_WARN_UNUSED_FUNCTION = YES;
				GCC_WARN_UNUSED_VARIABLE = YES;
				MACOSX_DEPLOYMENT_TARGET = 10.15;
				MTL_ENABLE_DEBUG_INFO = INCLUDE_SOURCE;
				MTL_FAST_MATH = YES;
				ONLY_ACTIVE_ARCH = YES;
				SDKROOT = macosx;
				SWIFT_ACTIVE_COMPILATION_CONDITIONS = DEBUG;
				SWIFT_OPTIMIZATION_LEVEL = "-Onone";
			};
			name = Debug;
		};
		700C9F8325BD09B800C17C14 /* Release */ = {
			isa = XCBuildConfiguration;
			buildSettings = {
				ALWAYS_SEARCH_USER_PATHS = NO;
				CLANG_ANALYZER_NONNULL = YES;
				CLANG_ANALYZER_NUMBER_OBJECT_CONVERSION = YES_AGGRESSIVE;
				CLANG_CXX_LANGUAGE_STANDARD = "gnu++14";
				CLANG_CXX_LIBRARY = "libc++";
				CLANG_ENABLE_MODULES = YES;
				CLANG_ENABLE_OBJC_ARC = YES;
				CLANG_ENABLE_OBJC_WEAK = YES;
				CLANG_WARN_BLOCK_CAPTURE_AUTORELEASING = YES;
				CLANG_WARN_BOOL_CONVERSION = YES;
				CLANG_WARN_COMMA = YES;
				CLANG_WARN_CONSTANT_CONVERSION = YES;
				CLANG_WARN_DEPRECATED_OBJC_IMPLEMENTATIONS = YES;
				CLANG_WARN_DIRECT_OBJC_ISA_USAGE = YES_ERROR;
				CLANG_WARN_DOCUMENTATION_COMMENTS = YES;
				CLANG_WARN_EMPTY_BODY = YES;
				CLANG_WARN_ENUM_CONVERSION = YES;
				CLANG_WARN_INFINITE_RECURSION = YES;
				CLANG_WARN_INT_CONVERSION = YES;
				CLANG_WARN_NON_LITERAL_NULL_CONVERSION = YES;
				CLANG_WARN_OBJC_IMPLICIT_RETAIN_SELF = YES;
				CLANG_WARN_OBJC_LITERAL_CONVERSION = YES;
				CLANG_WARN_OBJC_ROOT_CLASS = YES_ERROR;
				CLANG_WARN_QUOTED_INCLUDE_IN_FRAMEWORK_HEADER = YES;
				CLANG_WARN_RANGE_LOOP_ANALYSIS = YES;
				CLANG_WARN_STRICT_PROTOTYPES = YES;
				CLANG_WARN_SUSPICIOUS_MOVE = YES;
				CLANG_WARN_UNGUARDED_AVAILABILITY = YES_AGGRESSIVE;
				CLANG_WARN_UNREACHABLE_CODE = YES;
				CLANG_WARN__DUPLICATE_METHOD_MATCH = YES;
				COPY_PHASE_STRIP = NO;
				DEBUG_INFORMATION_FORMAT = "dwarf-with-dsym";
				ENABLE_NS_ASSERTIONS = NO;
				ENABLE_STRICT_OBJC_MSGSEND = YES;
				GCC_C_LANGUAGE_STANDARD = gnu11;
				GCC_NO_COMMON_BLOCKS = YES;
				GCC_WARN_64_TO_32_BIT_CONVERSION = YES;
				GCC_WARN_ABOUT_RETURN_TYPE = YES_ERROR;
				GCC_WARN_UNDECLARED_SELECTOR = YES;
				GCC_WARN_UNINITIALIZED_AUTOS = YES_AGGRESSIVE;
				GCC_WARN_UNUSED_FUNCTION = YES;
				GCC_WARN_UNUSED_VARIABLE = YES;
				MACOSX_DEPLOYMENT_TARGET = 10.15;
				MTL_ENABLE_DEBUG_INFO = NO;
				MTL_FAST_MATH = YES;
				SDKROOT = macosx;
				SWIFT_COMPILATION_MODE = wholemodule;
				SWIFT_OPTIMIZATION_LEVEL = "-O";
			};
			name = Release;
		};
		700C9F8525BD09B800C17C14 /* Debug */ = {
			isa = XCBuildConfiguration;
			buildSettings = {
				ASSETCATALOG_COMPILER_APPICON_NAME = AppIcon;
				ASSETCATALOG_COMPILER_GLOBAL_ACCENT_COLOR_NAME = AccentColor;
				CODE_SIGN_ENTITLEMENTS = TestCapture/TestCapture.entitlements;
				CODE_SIGN_STYLE = Automatic;
				COMBINE_HIDPI_IMAGES = YES;
				DEVELOPMENT_ASSET_PATHS = "";
				DEVELOPMENT_TEAM = 6P353F88KG;
				ENABLE_HARDENED_RUNTIME = YES;
				INFOPLIST_FILE = TestCapture/Info.plist;
				LD_RUNPATH_SEARCH_PATHS = (
					"$(inherited)",
					"@executable_path/../Frameworks",
				);
				LIBRARY_SEARCH_PATHS = (
					"$(inherited)",
					"$(PROJECT_DIR)",
				);
				PRODUCT_BUNDLE_IDENTIFIER = org.kenarnold.TestCapture;
				PRODUCT_NAME = "$(TARGET_NAME)";
				SWIFT_VERSION = 5.0;
			};
			name = Debug;
		};
		700C9F8625BD09B800C17C14 /* Release */ = {
			isa = XCBuildConfiguration;
			buildSettings = {
				ASSETCATALOG_COMPILER_APPICON_NAME = AppIcon;
				ASSETCATALOG_COMPILER_GLOBAL_ACCENT_COLOR_NAME = AccentColor;
				CODE_SIGN_ENTITLEMENTS = TestCapture/TestCapture.entitlements;
				CODE_SIGN_STYLE = Automatic;
				COMBINE_HIDPI_IMAGES = YES;
				DEVELOPMENT_ASSET_PATHS = "";
				DEVELOPMENT_TEAM = 6P353F88KG;
				ENABLE_HARDENED_RUNTIME = YES;
				INFOPLIST_FILE = TestCapture/Info.plist;
				LD_RUNPATH_SEARCH_PATHS = (
					"$(inherited)",
					"@executable_path/../Frameworks",
				);
				LIBRARY_SEARCH_PATHS = (
					"$(inherited)",
					"$(PROJECT_DIR)",
				);
				PRODUCT_BUNDLE_IDENTIFIER = org.kenarnold.TestCapture;
				PRODUCT_NAME = "$(TARGET_NAME)";
				SWIFT_VERSION = 5.0;
			};
			name = Release;
		};
/* End XCBuildConfiguration section */

/* Begin XCConfigurationList section */
		700C9F6F25BD09B500C17C14 /* Build configuration list for PBXProject "TestCapture" */ = {
			isa = XCConfigurationList;
			buildConfigurations = (
				700C9F8225BD09B800C17C14 /* Debug */,
				700C9F8325BD09B800C17C14 /* Release */,
			);
			defaultConfigurationIsVisible = 0;
			defaultConfigurationName = Release;
		};
		700C9F8425BD09B800C17C14 /* Build configuration list for PBXNativeTarget "TestCapture" */ = {
			isa = XCConfigurationList;
			buildConfigurations = (
				700C9F8525BD09B800C17C14 /* Debug */,
				700C9F8625BD09B800C17C14 /* Release */,
			);
			defaultConfigurationIsVisible = 0;
			defaultConfigurationName = Release;
		};
/* End XCConfigurationList section */
	};
	rootObject = 700C9F6C25BD09B500C17C14 /* Project object */;
}
